{
  "name": "KVIFF Program",
  "lockfileVersion": 2,
  "requires": true,
  "packages": {
    "": {
      "devDependencies": {
        "elm-utils": "github:pravdomil/elm-utils"
      }
    },
    "node_modules/elm-utils": {
      "resolved": "git+ssh://git@github.com/pravdomil/elm-utils.git#568e95b7c5bdcba79f066904249400d9fd4c018e",
      "dev": true
    }
  },
  "dependencies": {
    "elm-utils": {
      "version": "git+ssh://git@github.com/pravdomil/elm-utils.git#568e95b7c5bdcba79f066904249400d9fd4c018e",
      "dev": true,
      "from": "elm-utils@github:pravdomil/elm-utils"
    }
  }
}
