{
  "name": "kviff.pravdomil.com",
  "lockfileVersion": 2,
  "requires": true,
  "packages": {
    "": {
      "devDependencies": {
        "elm-utils": "github:pravdomil/elm-utils"
      }
    },
    "node_modules/elm-utils": {
      "resolved": "git+ssh://git@github.com/pravdomil/elm-utils.git#0dfc2ad939e3bb3e6b564eee0dafe3f787a948f2",
      "dev": true
    }
  },
  "dependencies": {
    "elm-utils": {
      "version": "git+ssh://git@github.com/pravdomil/elm-utils.git#0dfc2ad939e3bb3e6b564eee0dafe3f787a948f2",
      "dev": true,
      "from": "elm-utils@github:pravdomil/elm-utils"
    }
  }
}
